
Microsoft Visual Studio Solution File, Format Version 12.00
# Visual Studio Version 17
VisualStudioVersion = 17.7.34024.191
MinimumVisualStudioVersion = 10.0.40219.1
Project("{8BC9CEB8-8B4A-11D0-8D11-00A0C91BC942}") = "otp", "otp\otp.vcxproj", "{8A347DDA-3D30-4E29-B401-11B53AB3C764}"
EndProject
Global
	GlobalSection(SolutionConfigurationPlatforms) = preSolution
		Debug|x64 = Debug|x64
		Debug|x86 = Debug|x86
		Release|x64 = Release|x64
		Release|x86 = Release|x86
	EndGlobalSection
	GlobalSection(ProjectConfigurationPlatforms) = postSolution
		{8A347DDA-3D30-4E29-B401-11B53AB3C764}.Debug|x64.ActiveCfg = Debug|x64
		{8A347DDA-3D30-4E29-B401-11B53AB3C764}.Debug|x64.Build.0 = Debug|x64
		{8A347DDA-3D30-4E29-B401-11B53AB3C764}.Debug|x86.ActiveCfg = Debug|Win32
		{8A347DDA-3D30-4E29-B401-11B53AB3C764}.Debug|x86.Build.0 = Debug|Win32
		{8A347DDA-3D30-4E29-B401-11B53AB3C764}.Release|x64.ActiveCfg = Release|x64
		{8A347DDA-3D30-4E29-B401-11B53AB3C764}.Release|x64.Build.0 = Release|x64
		{8A347DDA-3D30-4E29-B401-11B53AB3C764}.Release|x86.ActiveCfg = Release|Win32
		{8A347DDA-3D30-4E29-B401-11B53AB3C764}.Release|x86.Build.0 = Release|Win32
	EndGlobalSection
	GlobalSection(SolutionProperties) = preSolution
		HideSolutionNode = FALSE
	EndGlobalSection
	GlobalSection(ExtensibilityGlobals) = postSolution
		SolutionGuid = {3AD1222E-0735-450D-869B-A12E30EA11C4}
	EndGlobalSection
EndGlobal
